// !$*UTF8*$!
{
	archiveVersion = 1;
	classes = {
	};
	objectVersion = 46;
	objects = {

/* Begin PBXBuildFile section */
		9410D4A61BB2344F00F24A3B /* TestScrollHeaderViewController.m in Sources */ = {isa = PBXBuildFile; fileRef = 9410D4A51BB2344F00F24A3B /* TestScrollHeaderViewController.m */; settings = {ASSET_TAGS = (); }; };
		9410D4A91BB2346F00F24A3B /* ScrollHeaderView.m in Sources */ = {isa = PBXBuildFile; fileRef = 9410D4A81BB2346F00F24A3B /* ScrollHeaderView.m */; settings = {ASSET_TAGS = (); }; };
		9410D4AC1BB234D800F24A3B /* ShapelCircleView.m in Sources */ = {isa = PBXBuildFile; fileRef = 9410D4AB1BB234D800F24A3B /* ShapelCircleView.m */; settings = {ASSET_TAGS = (); }; };
		9426AAD21BB38CEA005FB7CB /* popWindow.m in Sources */ = {isa = PBXBuildFile; fileRef = 9426AAD11BB38CEA005FB7CB /* popWindow.m */; settings = {ASSET_TAGS = (); }; };
		9426AAD51BB38DD0005FB7CB /* popWinViewController.m in Sources */ = {isa = PBXBuildFile; fileRef = 9426AAD41BB38DD0005FB7CB /* popWinViewController.m */; settings = {ASSET_TAGS = (); }; };
		94307D1A1BB52F0700561BB6 /* CoreAnimationViewController.m in Sources */ = {isa = PBXBuildFile; fileRef = 94307D191BB52F0700561BB6 /* CoreAnimationViewController.m */; settings = {ASSET_TAGS = (); }; };
		94307D1E1BB5315B00561BB6 /* BaseViewController.m in Sources */ = {isa = PBXBuildFile; fileRef = 94307D1D1BB5315B00561BB6 /* BaseViewController.m */; settings = {ASSET_TAGS = (); }; };
		94307D211BB531DD00561BB6 /* UIScrollView+WithTouch.m in Sources */ = {isa = PBXBuildFile; fileRef = 94307D201BB531DD00561BB6 /* UIScrollView+WithTouch.m */; settings = {ASSET_TAGS = (); }; };
		94307D231BB53AAC00561BB6 /* QuartzCore.framework in Frameworks */ = {isa = PBXBuildFile; fileRef = 94307D221BB53AAC00561BB6 /* QuartzCore.framework */; };
		94307D2E1BB53F6900561BB6 /* tu8601_5.jpg in Resources */ = {isa = PBXBuildFile; fileRef = 94307D2B1BB53F6900561BB6 /* tu8601_5.jpg */; settings = {ASSET_TAGS = (); }; };
		94307D2F1BB53F6900561BB6 /* tu8601_7.jpg in Resources */ = {isa = PBXBuildFile; fileRef = 94307D2C1BB53F6900561BB6 /* tu8601_7.jpg */; settings = {ASSET_TAGS = (); }; };
		94307D301BB53F6900561BB6 /* tu8601_10.jpg in Resources */ = {isa = PBXBuildFile; fileRef = 94307D2D1BB53F6900561BB6 /* tu8601_10.jpg */; settings = {ASSET_TAGS = (); }; };
		94CA63871BB8DF31000F3078 /* clock.png in Resources */ = {isa = PBXBuildFile; fileRef = 94CA63831BB8DF31000F3078 /* clock.png */; settings = {ASSET_TAGS = (); }; };
		94CA63881BB8DF31000F3078 /* hour.png in Resources */ = {isa = PBXBuildFile; fileRef = 94CA63841BB8DF31000F3078 /* hour.png */; settings = {ASSET_TAGS = (); }; };
		94CA63891BB8DF31000F3078 /* minute.png in Resources */ = {isa = PBXBuildFile; fileRef = 94CA63851BB8DF31000F3078 /* minute.png */; settings = {ASSET_TAGS = (); }; };
		94CA638A1BB8DF31000F3078 /* secord.png in Resources */ = {isa = PBXBuildFile; fileRef = 94CA63861BB8DF31000F3078 /* secord.png */; settings = {ASSET_TAGS = (); }; };
		94E50CA61BB12BA900BEF234 /* ShapelayerViewController.m in Sources */ = {isa = PBXBuildFile; fileRef = 94E50CA51BB12BA900BEF234 /* ShapelayerViewController.m */; settings = {ASSET_TAGS = (); }; };
		94E50CA91BB12CF400BEF234 /* ShaperLayerView.m in Sources */ = {isa = PBXBuildFile; fileRef = 94E50CA81BB12CF400BEF234 /* ShaperLayerView.m */; settings = {ASSET_TAGS = (); }; };
		94E50CAC1BB13CEE00BEF234 /* DrawLineView.m in Sources */ = {isa = PBXBuildFile; fileRef = 94E50CAB1BB13CEE00BEF234 /* DrawLineView.m */; settings = {ASSET_TAGS = (); }; };
		94E50CAF1BB1412E00BEF234 /* DrawLineViewController.m in Sources */ = {isa = PBXBuildFile; fileRef = 94E50CAE1BB1412E00BEF234 /* DrawLineViewController.m */; settings = {ASSET_TAGS = (); }; };
		CBA354DD072907D67B9EC3F3 /* libPods.a in Frameworks */ = {isa = PBXBuildFile; fileRef = 9873777E7B8D5495D46CBBAA /* libPods.a */; };
		D8B1859A1B97411C002F3070 /* main.m in Sources */ = {isa = PBXBuildFile; fileRef = D8B185991B97411C002F3070 /* main.m */; };
		D8B1859D1B97411C002F3070 /* AppDelegate.m in Sources */ = {isa = PBXBuildFile; fileRef = D8B1859C1B97411C002F3070 /* AppDelegate.m */; };
		D8B185A01B97411C002F3070 /* ViewController.m in Sources */ = {isa = PBXBuildFile; fileRef = D8B1859F1B97411C002F3070 /* ViewController.m */; };
		D8B185A31B97411C002F3070 /* Main.storyboard in Resources */ = {isa = PBXBuildFile; fileRef = D8B185A11B97411C002F3070 /* Main.storyboard */; };
		D8B185A51B97411C002F3070 /* Images.xcassets in Resources */ = {isa = PBXBuildFile; fileRef = D8B185A41B97411C002F3070 /* Images.xcassets */; };
		D8B185A81B97411C002F3070 /* LaunchScreen.xib in Resources */ = {isa = PBXBuildFile; fileRef = D8B185A61B97411C002F3070 /* LaunchScreen.xib */; };
		D8B185B41B97411C002F3070 /* TTTTTests.m in Sources */ = {isa = PBXBuildFile; fileRef = D8B185B31B97411C002F3070 /* TTTTTests.m */; };
		D8B185BF1B974163002F3070 /* FirstViewController.m in Sources */ = {isa = PBXBuildFile; fileRef = D8B185BE1B974163002F3070 /* FirstViewController.m */; };
		D8B185C21B9743B9002F3070 /* SecondViewController.m in Sources */ = {isa = PBXBuildFile; fileRef = D8B185C11B9743B9002F3070 /* SecondViewController.m */; };
		D8C71A601BAEDD9F00C157F3 /* SilderViewController.m in Sources */ = {isa = PBXBuildFile; fileRef = D8C71A5F1BAEDD9F00C157F3 /* SilderViewController.m */; settings = {ASSET_TAGS = (); }; };
		D8C71A641BAEDE0D00C157F3 /* sliderView.m in Sources */ = {isa = PBXBuildFile; fileRef = D8C71A631BAEDE0D00C157F3 /* sliderView.m */; settings = {ASSET_TAGS = (); }; };
		D8C71A681BAEF2F500C157F3 /* Utils.m in Sources */ = {isa = PBXBuildFile; fileRef = D8C71A671BAEF2F500C157F3 /* Utils.m */; settings = {ASSET_TAGS = (); }; };
		D8E728A51BA3BAAA0045A5E3 /* ScrollTitltView.m in Sources */ = {isa = PBXBuildFile; fileRef = D8E728A41BA3BAAA0045A5E3 /* ScrollTitltView.m */; };
/* End PBXBuildFile section */

/* Begin PBXContainerItemProxy section */
		D8B185AE1B97411C002F3070 /* PBXContainerItemProxy */ = {
			isa = PBXContainerItemProxy;
			containerPortal = D8B1858C1B97411C002F3070 /* Project object */;
			proxyType = 1;
			remoteGlobalIDString = D8B185931B97411C002F3070;
			remoteInfo = TTTT;
		};
/* End PBXContainerItemProxy section */

/* Begin PBXFileReference section */
		58676D2D20C6FA70454C2B45 /* Pods.debug.xcconfig */ = {isa = PBXFileReference; includeInIndex = 1; lastKnownFileType = text.xcconfig; name = Pods.debug.xcconfig; path = "Pods/Target Support Files/Pods/Pods.debug.xcconfig"; sourceTree = "<group>"; };
		9410D4A41BB2344F00F24A3B /* TestScrollHeaderViewController.h */ = {isa = PBXFileReference; fileEncoding = 4; lastKnownFileType = sourcecode.c.h; path = TestScrollHeaderViewController.h; sourceTree = "<group>"; };
		9410D4A51BB2344F00F24A3B /* TestScrollHeaderViewController.m */ = {isa = PBXFileReference; fileEncoding = 4; lastKnownFileType = sourcecode.c.objc; path = TestScrollHeaderViewController.m; sourceTree = "<group>"; };
		9410D4A71BB2346F00F24A3B /* ScrollHeaderView.h */ = {isa = PBXFileReference; fileEncoding = 4; lastKnownFileType = sourcecode.c.h; path = ScrollHeaderView.h; sourceTree = "<group>"; };
		9410D4A81BB2346F00F24A3B /* ScrollHeaderView.m */ = {isa = PBXFileReference; fileEncoding = 4; lastKnownFileType = sourcecode.c.objc; path = ScrollHeaderView.m; sourceTree = "<group>"; };
		9410D4AA1BB234D800F24A3B /* ShapelCircleView.h */ = {isa = PBXFileReference; fileEncoding = 4; lastKnownFileType = sourcecode.c.h; path = ShapelCircleView.h; sourceTree = "<group>"; };
		9410D4AB1BB234D800F24A3B /* ShapelCircleView.m */ = {isa = PBXFileReference; fileEncoding = 4; lastKnownFileType = sourcecode.c.objc; path = ShapelCircleView.m; sourceTree = "<group>"; };
		9426AAD01BB38CEA005FB7CB /* popWindow.h */ = {isa = PBXFileReference; fileEncoding = 4; lastKnownFileType = sourcecode.c.h; path = popWindow.h; sourceTree = "<group>"; };
		9426AAD11BB38CEA005FB7CB /* popWindow.m */ = {isa = PBXFileReference; fileEncoding = 4; lastKnownFileType = sourcecode.c.objc; path = popWindow.m; sourceTree = "<group>"; };
		9426AAD31BB38DD0005FB7CB /* popWinViewController.h */ = {isa = PBXFileReference; fileEncoding = 4; lastKnownFileType = sourcecode.c.h; path = popWinViewController.h; sourceTree = "<group>"; };
		9426AAD41BB38DD0005FB7CB /* popWinViewController.m */ = {isa = PBXFileReference; fileEncoding = 4; lastKnownFileType = sourcecode.c.objc; path = popWinViewController.m; sourceTree = "<group>"; };
		94307D181BB52F0700561BB6 /* CoreAnimationViewController.h */ = {isa = PBXFileReference; fileEncoding = 4; lastKnownFileType = sourcecode.c.h; path = CoreAnimationViewController.h; sourceTree = "<group>"; };
		94307D191BB52F0700561BB6 /* CoreAnimationViewController.m */ = {isa = PBXFileReference; fileEncoding = 4; lastKnownFileType = sourcecode.c.objc; path = CoreAnimationViewController.m; sourceTree = "<group>"; };
		94307D1C1BB5315B00561BB6 /* BaseViewController.h */ = {isa = PBXFileReference; fileEncoding = 4; lastKnownFileType = sourcecode.c.h; path = BaseViewController.h; sourceTree = "<group>"; };
		94307D1D1BB5315B00561BB6 /* BaseViewController.m */ = {isa = PBXFileReference; fileEncoding = 4; lastKnownFileType = sourcecode.c.objc; path = BaseViewController.m; sourceTree = "<group>"; };
		94307D1F1BB531DD00561BB6 /* UIScrollView+WithTouch.h */ = {isa = PBXFileReference; fileEncoding = 4; lastKnownFileType = sourcecode.c.h; path = "UIScrollView+WithTouch.h"; sourceTree = "<group>"; };
		94307D201BB531DD00561BB6 /* UIScrollView+WithTouch.m */ = {isa = PBXFileReference; fileEncoding = 4; lastKnownFileType = sourcecode.c.objc; path = "UIScrollView+WithTouch.m"; sourceTree = "<group>"; };
		94307D221BB53AAC00561BB6 /* QuartzCore.framework */ = {isa = PBXFileReference; lastKnownFileType = wrapper.framework; name = QuartzCore.framework; path = System/Library/Frameworks/QuartzCore.framework; sourceTree = SDKROOT; };
		94307D2B1BB53F6900561BB6 /* tu8601_5.jpg */ = {isa = PBXFileReference; lastKnownFileType = image.jpeg; name = tu8601_5.jpg; path = Image/tu8601_5.jpg; sourceTree = "<group>"; };
		94307D2C1BB53F6900561BB6 /* tu8601_7.jpg */ = {isa = PBXFileReference; lastKnownFileType = image.jpeg; name = tu8601_7.jpg; path = Image/tu8601_7.jpg; sourceTree = "<group>"; };
		94307D2D1BB53F6900561BB6 /* tu8601_10.jpg */ = {isa = PBXFileReference; lastKnownFileType = image.jpeg; name = tu8601_10.jpg; path = Image/tu8601_10.jpg; sourceTree = "<group>"; };
		94CA63831BB8DF31000F3078 /* clock.png */ = {isa = PBXFileReference; lastKnownFileType = image.png; path = clock.png; sourceTree = "<group>"; };
		94CA63841BB8DF31000F3078 /* hour.png */ = {isa = PBXFileReference; lastKnownFileType = image.png; path = hour.png; sourceTree = "<group>"; };
		94CA63851BB8DF31000F3078 /* minute.png */ = {isa = PBXFileReference; lastKnownFileType = image.png; path = minute.png; sourceTree = "<group>"; };
		94CA63861BB8DF31000F3078 /* secord.png */ = {isa = PBXFileReference; lastKnownFileType = image.png; path = secord.png; sourceTree = "<group>"; };
		94E50CA41BB12BA900BEF234 /* ShapelayerViewController.h */ = {isa = PBXFileReference; fileEncoding = 4; lastKnownFileType = sourcecode.c.h; path = ShapelayerViewController.h; sourceTree = "<group>"; };
		94E50CA51BB12BA900BEF234 /* ShapelayerViewController.m */ = {isa = PBXFileReference; fileEncoding = 4; lastKnownFileType = sourcecode.c.objc; path = ShapelayerViewController.m; sourceTree = "<group>"; };
		94E50CA71BB12CF400BEF234 /* ShaperLayerView.h */ = {isa = PBXFileReference; fileEncoding = 4; lastKnownFileType = sourcecode.c.h; path = ShaperLayerView.h; sourceTree = "<group>"; };
		94E50CA81BB12CF400BEF234 /* ShaperLayerView.m */ = {isa = PBXFileReference; fileEncoding = 4; lastKnownFileType = sourcecode.c.objc; path = ShaperLayerView.m; sourceTree = "<group>"; };
		94E50CAA1BB13CEE00BEF234 /* DrawLineView.h */ = {isa = PBXFileReference; fileEncoding = 4; lastKnownFileType = sourcecode.c.h; path = DrawLineView.h; sourceTree = "<group>"; };
		94E50CAB1BB13CEE00BEF234 /* DrawLineView.m */ = {isa = PBXFileReference; fileEncoding = 4; lastKnownFileType = sourcecode.c.objc; path = DrawLineView.m; sourceTree = "<group>"; };
		94E50CAD1BB1412E00BEF234 /* DrawLineViewController.h */ = {isa = PBXFileReference; fileEncoding = 4; lastKnownFileType = sourcecode.c.h; path = DrawLineViewController.h; sourceTree = "<group>"; };
		94E50CAE1BB1412E00BEF234 /* DrawLineViewController.m */ = {isa = PBXFileReference; fileEncoding = 4; lastKnownFileType = sourcecode.c.objc; path = DrawLineViewController.m; sourceTree = "<group>"; };
		9873777E7B8D5495D46CBBAA /* libPods.a */ = {isa = PBXFileReference; explicitFileType = archive.ar; includeInIndex = 0; path = libPods.a; sourceTree = BUILT_PRODUCTS_DIR; };
		CA9027574EAC8C7DD74B8814 /* Pods.release.xcconfig */ = {isa = PBXFileReference; includeInIndex = 1; lastKnownFileType = text.xcconfig; name = Pods.release.xcconfig; path = "Pods/Target Support Files/Pods/Pods.release.xcconfig"; sourceTree = "<group>"; };
		D8B185941B97411C002F3070 /* TTTT.app */ = {isa = PBXFileReference; explicitFileType = wrapper.application; includeInIndex = 0; path = TTTT.app; sourceTree = BUILT_PRODUCTS_DIR; };
		D8B185981B97411C002F3070 /* Info.plist */ = {isa = PBXFileReference; lastKnownFileType = text.plist.xml; path = Info.plist; sourceTree = "<group>"; };
		D8B185991B97411C002F3070 /* main.m */ = {isa = PBXFileReference; lastKnownFileType = sourcecode.c.objc; path = main.m; sourceTree = "<group>"; };
		D8B1859B1B97411C002F3070 /* AppDelegate.h */ = {isa = PBXFileReference; lastKnownFileType = sourcecode.c.h; path = AppDelegate.h; sourceTree = "<group>"; };
		D8B1859C1B97411C002F3070 /* AppDelegate.m */ = {isa = PBXFileReference; lastKnownFileType = sourcecode.c.objc; path = AppDelegate.m; sourceTree = "<group>"; };
		D8B1859E1B97411C002F3070 /* ViewController.h */ = {isa = PBXFileReference; lastKnownFileType = sourcecode.c.h; path = ViewController.h; sourceTree = "<group>"; };
		D8B1859F1B97411C002F3070 /* ViewController.m */ = {isa = PBXFileReference; lastKnownFileType = sourcecode.c.objc; path = ViewController.m; sourceTree = "<group>"; };
		D8B185A21B97411C002F3070 /* Base */ = {isa = PBXFileReference; lastKnownFileType = file.storyboard; name = Base; path = Base.lproj/Main.storyboard; sourceTree = "<group>"; };
		D8B185A41B97411C002F3070 /* Images.xcassets */ = {isa = PBXFileReference; lastKnownFileType = folder.assetcatalog; path = Images.xcassets; sourceTree = "<group>"; };
		D8B185A71B97411C002F3070 /* Base */ = {isa = PBXFileReference; lastKnownFileType = file.xib; name = Base; path = Base.lproj/LaunchScreen.xib; sourceTree = "<group>"; };
		D8B185AD1B97411C002F3070 /* TTTTTests.xctest */ = {isa = PBXFileReference; explicitFileType = wrapper.cfbundle; includeInIndex = 0; path = TTTTTests.xctest; sourceTree = BUILT_PRODUCTS_DIR; };
		D8B185B21B97411C002F3070 /* Info.plist */ = {isa = PBXFileReference; lastKnownFileType = text.plist.xml; path = Info.plist; sourceTree = "<group>"; };
		D8B185B31B97411C002F3070 /* TTTTTests.m */ = {isa = PBXFileReference; lastKnownFileType = sourcecode.c.objc; path = TTTTTests.m; sourceTree = "<group>"; };
		D8B185BD1B974163002F3070 /* FirstViewController.h */ = {isa = PBXFileReference; fileEncoding = 4; lastKnownFileType = sourcecode.c.h; path = FirstViewController.h; sourceTree = "<group>"; };
		D8B185BE1B974163002F3070 /* FirstViewController.m */ = {isa = PBXFileReference; fileEncoding = 4; lastKnownFileType = sourcecode.c.objc; path = FirstViewController.m; sourceTree = "<group>"; };
		D8B185C01B9743B9002F3070 /* SecondViewController.h */ = {isa = PBXFileReference; fileEncoding = 4; lastKnownFileType = sourcecode.c.h; path = SecondViewController.h; sourceTree = "<group>"; };
		D8B185C11B9743B9002F3070 /* SecondViewController.m */ = {isa = PBXFileReference; fileEncoding = 4; lastKnownFileType = sourcecode.c.objc; path = SecondViewController.m; sourceTree = "<group>"; };
		D8C71A5E1BAEDD9F00C157F3 /* SilderViewController.h */ = {isa = PBXFileReference; fileEncoding = 4; lastKnownFileType = sourcecode.c.h; path = SilderViewController.h; sourceTree = "<group>"; };
		D8C71A5F1BAEDD9F00C157F3 /* SilderViewController.m */ = {isa = PBXFileReference; fileEncoding = 4; lastKnownFileType = sourcecode.c.objc; path = SilderViewController.m; sourceTree = "<group>"; };
		D8C71A621BAEDE0D00C157F3 /* sliderView.h */ = {isa = PBXFileReference; fileEncoding = 4; lastKnownFileType = sourcecode.c.h; path = sliderView.h; sourceTree = "<group>"; };
		D8C71A631BAEDE0D00C157F3 /* sliderView.m */ = {isa = PBXFileReference; fileEncoding = 4; lastKnownFileType = sourcecode.c.objc; path = sliderView.m; sourceTree = "<group>"; };
		D8C71A661BAEF2F500C157F3 /* Utils.h */ = {isa = PBXFileReference; fileEncoding = 4; lastKnownFileType = sourcecode.c.h; path = Utils.h; sourceTree = "<group>"; };
		D8C71A671BAEF2F500C157F3 /* Utils.m */ = {isa = PBXFileReference; fileEncoding = 4; lastKnownFileType = sourcecode.c.objc; path = Utils.m; sourceTree = "<group>"; };
		D8E728A31BA3BAAA0045A5E3 /* ScrollTitltView.h */ = {isa = PBXFileReference; fileEncoding = 4; lastKnownFileType = sourcecode.c.h; path = ScrollTitltView.h; sourceTree = "<group>"; };
		D8E728A41BA3BAAA0045A5E3 /* ScrollTitltView.m */ = {isa = PBXFileReference; fileEncoding = 4; lastKnownFileType = sourcecode.c.objc; path = ScrollTitltView.m; sourceTree = "<group>"; };
/* End PBXFileReference section */

/* Begin PBXFrameworksBuildPhase section */
		D8B185911B97411C002F3070 /* Frameworks */ = {
			isa = PBXFrameworksBuildPhase;
			buildActionMask = 2147483647;
			files = (
				94307D231BB53AAC00561BB6 /* QuartzCore.framework in Frameworks */,
				CBA354DD072907D67B9EC3F3 /* libPods.a in Frameworks */,
			);
			runOnlyForDeploymentPostprocessing = 0;
		};
		D8B185AA1B97411C002F3070 /* Frameworks */ = {
			isa = PBXFrameworksBuildPhase;
			buildActionMask = 2147483647;
			files = (
			);
			runOnlyForDeploymentPostprocessing = 0;
		};
/* End PBXFrameworksBuildPhase section */

/* Begin PBXGroup section */
		26FEE4B676A8719A6168FF1B /* Pods */ = {
			isa = PBXGroup;
			children = (
				58676D2D20C6FA70454C2B45 /* Pods.debug.xcconfig */,
				CA9027574EAC8C7DD74B8814 /* Pods.release.xcconfig */,
			);
			name = Pods;
			sourceTree = "<group>";
		};
		9410D4A31BB2341900F24A3B /* ScrollHeader */ = {
			isa = PBXGroup;
			children = (
				9410D4A41BB2344F00F24A3B /* TestScrollHeaderViewController.h */,
				9410D4A51BB2344F00F24A3B /* TestScrollHeaderViewController.m */,
				9410D4A71BB2346F00F24A3B /* ScrollHeaderView.h */,
				9410D4A81BB2346F00F24A3B /* ScrollHeaderView.m */,
				9410D4AA1BB234D800F24A3B /* ShapelCircleView.h */,
				9410D4AB1BB234D800F24A3B /* ShapelCircleView.m */,
			);
			name = ScrollHeader;
			sourceTree = "<group>";
		};
		9410D4AD1BB2511600F24A3B /* CollectionVIew */ = {
			isa = PBXGroup;
			children = (
			);
			name = CollectionVIew;
			sourceTree = "<group>";
		};
		9426AACF1BB38CA6005FB7CB /* PopWindow */ = {
			isa = PBXGroup;
			children = (
				9426AAD01BB38CEA005FB7CB /* popWindow.h */,
				9426AAD11BB38CEA005FB7CB /* popWindow.m */,
				9426AAD31BB38DD0005FB7CB /* popWinViewController.h */,
				9426AAD41BB38DD0005FB7CB /* popWinViewController.m */,
			);
			name = PopWindow;
			sourceTree = "<group>";
		};
		94307D171BB52EE500561BB6 /* Core_Animation */ = {
			isa = PBXGroup;
			children = (
				94307D181BB52F0700561BB6 /* CoreAnimationViewController.h */,
				94307D191BB52F0700561BB6 /* CoreAnimationViewController.m */,
			);
			name = Core_Animation;
			sourceTree = "<group>";
		};
		94307D1B1BB5314000561BB6 /* BaseView */ = {
			isa = PBXGroup;
			children = (
				94307D1F1BB531DD00561BB6 /* UIScrollView+WithTouch.h */,
				94307D201BB531DD00561BB6 /* UIScrollView+WithTouch.m */,
				94307D1C1BB5315B00561BB6 /* BaseViewController.h */,
				94307D1D1BB5315B00561BB6 /* BaseViewController.m */,
			);
			name = BaseView;
			sourceTree = "<group>";
		};
		94307D241BB53EDB00561BB6 /* Images */ = {
			isa = PBXGroup;
			children = (
				94CA63831BB8DF31000F3078 /* clock.png */,
				94CA63841BB8DF31000F3078 /* hour.png */,
				94CA63851BB8DF31000F3078 /* minute.png */,
				94CA63861BB8DF31000F3078 /* secord.png */,
				94307D2B1BB53F6900561BB6 /* tu8601_5.jpg */,
				94307D2C1BB53F6900561BB6 /* tu8601_7.jpg */,
				94307D2D1BB53F6900561BB6 /* tu8601_10.jpg */,
			);
			name = Images;
			sourceTree = "<group>";
		};
		94E50CA31BB12B8E00BEF234 /* Shapelayer */ = {
			isa = PBXGroup;
			children = (
				94E50CA41BB12BA900BEF234 /* ShapelayerViewController.h */,
				94E50CA51BB12BA900BEF234 /* ShapelayerViewController.m */,
				94E50CA71BB12CF400BEF234 /* ShaperLayerView.h */,
				94E50CA81BB12CF400BEF234 /* ShaperLayerView.m */,
				94E50CAA1BB13CEE00BEF234 /* DrawLineView.h */,
				94E50CAB1BB13CEE00BEF234 /* DrawLineView.m */,
				94E50CAD1BB1412E00BEF234 /* DrawLineViewController.h */,
				94E50CAE1BB1412E00BEF234 /* DrawLineViewController.m */,
			);
			name = Shapelayer;
			sourceTree = "<group>";
		};
		C32117E8F6709E516C141893 /* Frameworks */ = {
			isa = PBXGroup;
			children = (
				94307D221BB53AAC00561BB6 /* QuartzCore.framework */,
				9873777E7B8D5495D46CBBAA /* libPods.a */,
			);
			name = Frameworks;
			sourceTree = "<group>";
		};
		D8B1858B1B97411C002F3070 = {
			isa = PBXGroup;
			children = (
				D8B185961B97411C002F3070 /* TTTT */,
				D8B185B01B97411C002F3070 /* TTTTTests */,
				D8B185951B97411C002F3070 /* Products */,
				26FEE4B676A8719A6168FF1B /* Pods */,
				C32117E8F6709E516C141893 /* Frameworks */,
			);
			sourceTree = "<group>";
		};
		D8B185951B97411C002F3070 /* Products */ = {
			isa = PBXGroup;
			children = (
				D8B185941B97411C002F3070 /* TTTT.app */,
				D8B185AD1B97411C002F3070 /* TTTTTests.xctest */,
			);
			name = Products;
			sourceTree = "<group>";
		};
		D8B185961B97411C002F3070 /* TTTT */ = {
			isa = PBXGroup;
			children = (
				94307D241BB53EDB00561BB6 /* Images */,
				94307D1B1BB5314000561BB6 /* BaseView */,
				94307D171BB52EE500561BB6 /* Core_Animation */,
				9426AACF1BB38CA6005FB7CB /* PopWindow */,
				9410D4AD1BB2511600F24A3B /* CollectionVIew */,
				9410D4A31BB2341900F24A3B /* ScrollHeader */,
				94E50CA31BB12B8E00BEF234 /* Shapelayer */,
				D8C71A651BAEF2C700C157F3 /* Utils */,
				D8C71A611BAEDDE800C157F3 /* slider */,
				D8B1859B1B97411C002F3070 /* AppDelegate.h */,
				D8B1859C1B97411C002F3070 /* AppDelegate.m */,
				D8B1859E1B97411C002F3070 /* ViewController.h */,
				D8B1859F1B97411C002F3070 /* ViewController.m */,
				D8B185A11B97411C002F3070 /* Main.storyboard */,
				D8B185A41B97411C002F3070 /* Images.xcassets */,
				D8B185A61B97411C002F3070 /* LaunchScreen.xib */,
				D8B185971B97411C002F3070 /* Supporting Files */,
				D8B185BD1B974163002F3070 /* FirstViewController.h */,
				D8B185BE1B974163002F3070 /* FirstViewController.m */,
				D8B185C01B9743B9002F3070 /* SecondViewController.h */,
				D8B185C11B9743B9002F3070 /* SecondViewController.m */,
				D8E728A31BA3BAAA0045A5E3 /* ScrollTitltView.h */,
				D8E728A41BA3BAAA0045A5E3 /* ScrollTitltView.m */,
			);
			path = TTTT;
			sourceTree = "<group>";
		};
		D8B185971B97411C002F3070 /* Supporting Files */ = {
			isa = PBXGroup;
			children = (
				D8B185981B97411C002F3070 /* Info.plist */,
				D8B185991B97411C002F3070 /* main.m */,
			);
			name = "Supporting Files";
			sourceTree = "<group>";
		};
		D8B185B01B97411C002F3070 /* TTTTTests */ = {
			isa = PBXGroup;
			children = (
				D8B185B31B97411C002F3070 /* TTTTTests.m */,
				D8B185B11B97411C002F3070 /* Supporting Files */,
			);
			path = TTTTTests;
			sourceTree = "<group>";
		};
		D8B185B11B97411C002F3070 /* Supporting Files */ = {
			isa = PBXGroup;
			children = (
				D8B185B21B97411C002F3070 /* Info.plist */,
			);
			name = "Supporting Files";
			sourceTree = "<group>";
		};
		D8C71A611BAEDDE800C157F3 /* slider */ = {
			isa = PBXGroup;
			children = (
				D8C71A5E1BAEDD9F00C157F3 /* SilderViewController.h */,
				D8C71A5F1BAEDD9F00C157F3 /* SilderViewController.m */,
				D8C71A621BAEDE0D00C157F3 /* sliderView.h */,
				D8C71A631BAEDE0D00C157F3 /* sliderView.m */,
			);
			name = slider;
			sourceTree = "<group>";
		};
		D8C71A651BAEF2C700C157F3 /* Utils */ = {
			isa = PBXGroup;
			children = (
				D8C71A661BAEF2F500C157F3 /* Utils.h */,
				D8C71A671BAEF2F500C157F3 /* Utils.m */,
			);
			name = Utils;
			sourceTree = "<group>";
		};
/* End PBXGroup section */

/* Begin PBXNativeTarget section */
		D8B185931B97411C002F3070 /* TTTT */ = {
			isa = PBXNativeTarget;
			buildConfigurationList = D8B185B71B97411C002F3070 /* Build configuration list for PBXNativeTarget "TTTT" */;
			buildPhases = (
				2387D3EE9ED2466108135960 /* Check Pods Manifest.lock */,
				D8B185901B97411C002F3070 /* Sources */,
				D8B185911B97411C002F3070 /* Frameworks */,
				D8B185921B97411C002F3070 /* Resources */,
				1AC944CEB598AB635F892EAF /* Copy Pods Resources */,
			);
			buildRules = (
			);
			dependencies = (
			);
			name = TTTT;
			productName = TTTT;
			productReference = D8B185941B97411C002F3070 /* TTTT.app */;
			productType = "com.apple.product-type.application";
		};
		D8B185AC1B97411C002F3070 /* TTTTTests */ = {
			isa = PBXNativeTarget;
			buildConfigurationList = D8B185BA1B97411C002F3070 /* Build configuration list for PBXNativeTarget "TTTTTests" */;
			buildPhases = (
				D8B185A91B97411C002F3070 /* Sources */,
				D8B185AA1B97411C002F3070 /* Frameworks */,
				D8B185AB1B97411C002F3070 /* Resources */,
			);
			buildRules = (
			);
			dependencies = (
				D8B185AF1B97411C002F3070 /* PBXTargetDependency */,
			);
			name = TTTTTests;
			productName = TTTTTests;
			productReference = D8B185AD1B97411C002F3070 /* TTTTTests.xctest */;
			productType = "com.apple.product-type.bundle.unit-test";
		};
/* End PBXNativeTarget section */

/* Begin PBXProject section */
		D8B1858C1B97411C002F3070 /* Project object */ = {
			isa = PBXProject;
			attributes = {
				LastUpgradeCheck = 0640;
				ORGANIZATIONNAME = wuxianying;
				TargetAttributes = {
					D8B185931B97411C002F3070 = {
						CreatedOnToolsVersion = 6.4;
						DevelopmentTeam = N4Q549GQAB;
					};
					D8B185AC1B97411C002F3070 = {
						CreatedOnToolsVersion = 6.4;
						TestTargetID = D8B185931B97411C002F3070;
					};
				};
			};
			buildConfigurationList = D8B1858F1B97411C002F3070 /* Build configuration list for PBXProject "TTTT" */;
			compatibilityVersion = "Xcode 3.2";
			developmentRegion = English;
			hasScannedForEncodings = 0;
			knownRegions = (
				en,
				Base,
			);
			mainGroup = D8B1858B1B97411C002F3070;
			productRefGroup = D8B185951B97411C002F3070 /* Products */;
			projectDirPath = "";
			projectRoot = "";
			targets = (
				D8B185931B97411C002F3070 /* TTTT */,
				D8B185AC1B97411C002F3070 /* TTTTTests */,
			);
		};
/* End PBXProject section */

/* Begin PBXResourcesBuildPhase section */
		D8B185921B97411C002F3070 /* Resources */ = {
			isa = PBXResourcesBuildPhase;
			buildActionMask = 2147483647;
			files = (
				D8B185A31B97411C002F3070 /* Main.storyboard in Resources */,
				94CA63881BB8DF31000F3078 /* hour.png in Resources */,
				D8B185A81B97411C002F3070 /* LaunchScreen.xib in Resources */,
				94307D301BB53F6900561BB6 /* tu8601_10.jpg in Resources */,
				94CA63891BB8DF31000F3078 /* minute.png in Resources */,
				D8B185A51B97411C002F3070 /* Images.xcassets in Resources */,
				94307D2E1BB53F6900561BB6 /* tu8601_5.jpg in Resources */,
				94CA63871BB8DF31000F3078 /* clock.png in Resources */,
				94307D2F1BB53F6900561BB6 /* tu8601_7.jpg in Resources */,
				94CA638A1BB8DF31000F3078 /* secord.png in Resources */,
			);
			runOnlyForDeploymentPostprocessing = 0;
		};
		D8B185AB1B97411C002F3070 /* Resources */ = {
			isa = PBXResourcesBuildPhase;
			buildActionMask = 2147483647;
			files = (
			);
			runOnlyForDeploymentPostprocessing = 0;
		};
/* End PBXResourcesBuildPhase section */

/* Begin PBXShellScriptBuildPhase section */
		1AC944CEB598AB635F892EAF /* Copy Pods Resources */ = {
			isa = PBXShellScriptBuildPhase;
			buildActionMask = 2147483647;
			files = (
			);
			inputPaths = (
			);
			name = "Copy Pods Resources";
			outputPaths = (
			);
			runOnlyForDeploymentPostprocessing = 0;
			shellPath = /bin/sh;
			shellScript = "\"${SRCROOT}/Pods/Target Support Files/Pods/Pods-resources.sh\"\n";
			showEnvVarsInLog = 0;
		};
		2387D3EE9ED2466108135960 /* Check Pods Manifest.lock */ = {
			isa = PBXShellScriptBuildPhase;
			buildActionMask = 2147483647;
			files = (
			);
			inputPaths = (
			);
			name = "Check Pods Manifest.lock";
			outputPaths = (
			);
			runOnlyForDeploymentPostprocessing = 0;
			shellPath = /bin/sh;
			shellScript = "diff \"${PODS_ROOT}/../Podfile.lock\" \"${PODS_ROOT}/Manifest.lock\" > /dev/null\nif [[ $? != 0 ]] ; then\n    cat << EOM\nerror: The sandbox is not in sync with the Podfile.lock. Run 'pod install' or update your CocoaPods installation.\nEOM\n    exit 1\nfi\n";
			showEnvVarsInLog = 0;
		};
/* End PBXShellScriptBuildPhase section */

/* Begin PBXSourcesBuildPhase section */
		D8B185901B97411C002F3070 /* Sources */ = {
			isa = PBXSourcesBuildPhase;
			buildActionMask = 2147483647;
			files = (
				9426AAD21BB38CEA005FB7CB /* popWindow.m in Sources */,
				94307D1E1BB5315B00561BB6 /* BaseViewController.m in Sources */,
				94E50CA91BB12CF400BEF234 /* ShaperLayerView.m in Sources */,
				D8C71A681BAEF2F500C157F3 /* Utils.m in Sources */,
				9426AAD51BB38DD0005FB7CB /* popWinViewController.m in Sources */,
				D8B185C21B9743B9002F3070 /* SecondViewController.m in Sources */,
				D8E728A51BA3BAAA0045A5E3 /* ScrollTitltView.m in Sources */,
				D8B185A01B97411C002F3070 /* ViewController.m in Sources */,
				94E50CA61BB12BA900BEF234 /* ShapelayerViewController.m in Sources */,
				94307D211BB531DD00561BB6 /* UIScrollView+WithTouch.m in Sources */,
				94E50CAC1BB13CEE00BEF234 /* DrawLineView.m in Sources */,
				9410D4AC1BB234D800F24A3B /* ShapelCircleView.m in Sources */,
				94E50CAF1BB1412E00BEF234 /* DrawLineViewController.m in Sources */,
				9410D4A61BB2344F00F24A3B /* TestScrollHeaderViewController.m in Sources */,
				9410D4A91BB2346F00F24A3B /* ScrollHeaderView.m in Sources */,
				D8B1859D1B97411C002F3070 /* AppDelegate.m in Sources */,
				D8B1859A1B97411C002F3070 /* main.m in Sources */,
				94307D1A1BB52F0700561BB6 /* CoreAnimationViewController.m in Sources */,
				D8C71A641BAEDE0D00C157F3 /* sliderView.m in Sources */,
				D8B185BF1B974163002F3070 /* FirstViewController.m in Sources */,
				D8C71A601BAEDD9F00C157F3 /* SilderViewController.m in Sources */,
			);
			runOnlyForDeploymentPostprocessing = 0;
		};
		D8B185A91B97411C002F3070 /* Sources */ = {
			isa = PBXSourcesBuildPhase;
			buildActionMask = 2147483647;
			files = (
				D8B185B41B97411C002F3070 /* TTTTTests.m in Sources */,
			);
			runOnlyForDeploymentPostprocessing = 0;
		};
/* End PBXSourcesBuildPhase section */

/* Begin PBXTargetDependency section */
		D8B185AF1B97411C002F3070 /* PBXTargetDependency */ = {
			isa = PBXTargetDependency;
			target = D8B185931B97411C002F3070 /* TTTT */;
			targetProxy = D8B185AE1B97411C002F3070 /* PBXContainerItemProxy */;
		};
/* End PBXTargetDependency section */

/* Begin PBXVariantGroup section */
		D8B185A11B97411C002F3070 /* Main.storyboard */ = {
			isa = PBXVariantGroup;
			children = (
				D8B185A21B97411C002F3070 /* Base */,
			);
			name = Main.storyboard;
			sourceTree = "<group>";
		};
		D8B185A61B97411C002F3070 /* LaunchScreen.xib */ = {
			isa = PBXVariantGroup;
			children = (
				D8B185A71B97411C002F3070 /* Base */,
			);
			name = LaunchScreen.xib;
			sourceTree = "<group>";
		};
/* End PBXVariantGroup section */

/* Begin XCBuildConfiguration section */
		D8B185B51B97411C002F3070 /* Debug */ = {
			isa = XCBuildConfiguration;
			buildSettings = {
				ALWAYS_SEARCH_USER_PATHS = NO;
				CLANG_CXX_LANGUAGE_STANDARD = "gnu++0x";
				CLANG_CXX_LIBRARY = "libc++";
				CLANG_ENABLE_MODULES = YES;
				CLANG_ENABLE_OBJC_ARC = YES;
				CLANG_WARN_BOOL_CONVERSION = YES;
				CLANG_WARN_CONSTANT_CONVERSION = YES;
				CLANG_WARN_DIRECT_OBJC_ISA_USAGE = YES_ERROR;
				CLANG_WARN_EMPTY_BODY = YES;
				CLANG_WARN_ENUM_CONVERSION = YES;
				CLANG_WARN_INT_CONVERSION = YES;
				CLANG_WARN_OBJC_ROOT_CLASS = YES_ERROR;
				CLANG_WARN_UNREACHABLE_CODE = YES;
				CLANG_WARN__DUPLICATE_METHOD_MATCH = YES;
				"CODE_SIGN_IDENTITY[sdk=iphoneos*]" = "iPhone Developer";
				COPY_PHASE_STRIP = NO;
				DEBUG_INFORMATION_FORMAT = "dwarf-with-dsym";
				ENABLE_STRICT_OBJC_MSGSEND = YES;
				GCC_C_LANGUAGE_STANDARD = gnu99;
				GCC_DYNAMIC_NO_PIC = NO;
				GCC_NO_COMMON_BLOCKS = YES;
				GCC_OPTIMIZATION_LEVEL = 0;
				GCC_PREPROCESSOR_DEFINITIONS = (
					"DEBUG=1",
					"$(inherited)",
				);
				GCC_SYMBOLS_PRIVATE_EXTERN = NO;
				GCC_WARN_64_TO_32_BIT_CONVERSION = YES;
				GCC_WARN_ABOUT_RETURN_TYPE = YES_ERROR;
				GCC_WARN_UNDECLARED_SELECTOR = YES;
				GCC_WARN_UNINITIALIZED_AUTOS = YES_AGGRESSIVE;
				GCC_WARN_UNUSED_FUNCTION = YES;
				GCC_WARN_UNUSED_VARIABLE = YES;
				IPHONEOS_DEPLOYMENT_TARGET = 8.4;
				MTL_ENABLE_DEBUG_INFO = YES;
				ONLY_ACTIVE_ARCH = YES;
				SDKROOT = iphoneos;
			};
			name = Debug;
		};
		D8B185B61B97411C002F3070 /* Release */ = {
			isa = XCBuildConfiguration;
			buildSettings = {
				ALWAYS_SEARCH_USER_PATHS = NO;
				CLANG_CXX_LANGUAGE_STANDARD = "gnu++0x";
				CLANG_CXX_LIBRARY = "libc++";
				CLANG_ENABLE_MODULES = YES;
				CLANG_ENABLE_OBJC_ARC = YES;
				CLANG_WARN_BOOL_CONVERSION = YES;
				CLANG_WARN_CONSTANT_CONVERSION = YES;
				CLANG_WARN_DIRECT_OBJC_ISA_USAGE = YES_ERROR;
				CLANG_WARN_EMPTY_BODY = YES;
				CLANG_WARN_ENUM_CONVERSION = YES;
				CLANG_WARN_INT_CONVERSION = YES;
				CLANG_WARN_OBJC_ROOT_CLASS = YES_ERROR;
				CLANG_WARN_UNREACHABLE_CODE = YES;
				CLANG_WARN__DUPLICATE_METHOD_MATCH = YES;
				"CODE_SIGN_IDENTITY[sdk=iphoneos*]" = "iPhone Developer";
				COPY_PHASE_STRIP = NO;
				DEBUG_INFORMATION_FORMAT = "dwarf-with-dsym";
				ENABLE_NS_ASSERTIONS = NO;
				ENABLE_STRICT_OBJC_MSGSEND = YES;
				GCC_C_LANGUAGE_STANDARD = gnu99;
				GCC_NO_COMMON_BLOCKS = YES;
				GCC_WARN_64_TO_32_BIT_CONVERSION = YES;
				GCC_WARN_ABOUT_RETURN_TYPE = YES_ERROR;
				GCC_WARN_UNDECLARED_SELECTOR = YES;
				GCC_WARN_UNINITIALIZED_AUTOS = YES_AGGRESSIVE;
				GCC_WARN_UNUSED_FUNCTION = YES;
				GCC_WARN_UNUSED_VARIABLE = YES;
				IPHONEOS_DEPLOYMENT_TARGET = 8.4;
				MTL_ENABLE_DEBUG_INFO = NO;
				SDKROOT = iphoneos;
				VALIDATE_PRODUCT = YES;
			};
			name = Release;
		};
		D8B185B81B97411C002F3070 /* Debug */ = {
			isa = XCBuildConfiguration;
			baseConfigurationReference = 58676D2D20C6FA70454C2B45 /* Pods.debug.xcconfig */;
			buildSettings = {
				ASSETCATALOG_COMPILER_APPICON_NAME = AppIcon;
				CODE_SIGN_IDENTITY = "iPhone Developer";
				"CODE_SIGN_IDENTITY[sdk=iphoneos*]" = "iPhone Developer";
				INFOPLIST_FILE = TTTT/Info.plist;
				IPHONEOS_DEPLOYMENT_TARGET = 7.1;
				LD_RUNPATH_SEARCH_PATHS = "$(inherited) @executable_path/Frameworks";
				PRODUCT_NAME = "$(TARGET_NAME)";
				PROVISIONING_PROFILE = "";
			};
			name = Debug;
		};
		D8B185B91B97411C002F3070 /* Release */ = {
			isa = XCBuildConfiguration;
			baseConfigurationReference = CA9027574EAC8C7DD74B8814 /* Pods.release.xcconfig */;
			buildSettings = {
				ASSETCATALOG_COMPILER_APPICON_NAME = AppIcon;
				CODE_SIGN_IDENTITY = "iPhone Developer";
				"CODE_SIGN_IDENTITY[sdk=iphoneos*]" = "iPhone Developer";
				INFOPLIST_FILE = TTTT/Info.plist;
				IPHONEOS_DEPLOYMENT_TARGET = 7.1;
				LD_RUNPATH_SEARCH_PATHS = "$(inherited) @executable_path/Frameworks";
				PRODUCT_NAME = "$(TARGET_NAME)";
				PROVISIONING_PROFILE = "";
			};
			name = Release;
		};
		D8B185BB1B97411C002F3070 /* Debug */ = {
			isa = XCBuildConfiguration;
			buildSettings = {
				BUNDLE_LOADER = "$(TEST_HOST)";
				FRAMEWORK_SEARCH_PATHS = (
					"$(SDKROOT)/Developer/Library/Frameworks",
					"$(inherited)",
				);
				GCC_PREPROCESSOR_DEFINITIONS = (
					"DEBUG=1",
					"$(inherited)",
				);
				INFOPLIST_FILE = TTTTTests/Info.plist;
				LD_RUNPATH_SEARCH_PATHS = "$(inherited) @executable_path/Frameworks @loader_path/Frameworks";
				PRODUCT_NAME = "$(TARGET_NAME)";
				TEST_HOST = "$(BUILT_PRODUCTS_DIR)/TTTT.app/TTTT";
			};
			name = Debug;
		};
		D8B185BC1B97411C002F3070 /* Release */ = {
			isa = XCBuildConfiguration;
			buildSettings = {
				BUNDLE_LOADER = "$(TEST_HOST)";
				FRAMEWORK_SEARCH_PATHS = (
					"$(SDKROOT)/Developer/Library/Frameworks",
					"$(inherited)",
				);
				INFOPLIST_FILE = TTTTTests/Info.plist;
				LD_RUNPATH_SEARCH_PATHS = "$(inherited) @executable_path/Frameworks @loader_path/Frameworks";
				PRODUCT_NAME = "$(TARGET_NAME)";
				TEST_HOST = "$(BUILT_PRODUCTS_DIR)/TTTT.app/TTTT";
			};
			name = Release;
		};
/* End XCBuildConfiguration section */

/* Begin XCConfigurationList section */
		D8B1858F1B97411C002F3070 /* Build configuration list for PBXProject "TTTT" */ = {
			isa = XCConfigurationList;
			buildConfigurations = (
				D8B185B51B97411C002F3070 /* Debug */,
				D8B185B61B97411C002F3070 /* Release */,
			);
			defaultConfigurationIsVisible = 0;
			defaultConfigurationName = Release;
		};
		D8B185B71B97411C002F3070 /* Build configuration list for PBXNativeTarget "TTTT" */ = {
			isa = XCConfigurationList;
			buildConfigurations = (
				D8B185B81B97411C002F3070 /* Debug */,
				D8B185B91B97411C002F3070 /* Release */,
			);
			defaultConfigurationIsVisible = 0;
			defaultConfigurationName = Release;
		};
		D8B185BA1B97411C002F3070 /* Build configuration list for PBXNativeTarget "TTTTTests" */ = {
			isa = XCConfigurationList;
			buildConfigurations = (
				D8B185BB1B97411C002F3070 /* Debug */,
				D8B185BC1B97411C002F3070 /* Release */,
			);
			defaultConfigurationIsVisible = 0;
			defaultConfigurationName = Release;
		};
/* End XCConfigurationList section */
	};
	rootObject = D8B1858C1B97411C002F3070 /* Project object */;
}
